
Microsoft Visual Studio Solution File, Format Version 12.00
# Visual Studio 15
VisualStudioVersion = 15.0.28307.572
MinimumVisualStudioVersion = 10.0.40219.1
Project("{FAE04EC0-301F-11D3-BF4B-00C04F79EFBC}") = "FlexLayoutTask.Android", "FlexLayoutTask\FlexLayoutTask.Android\FlexLayoutTask.Android.csproj", "{EC683F0B-852A-4D35-8B72-A2ED9A8AEC96}"
EndProject
Project("{FAE04EC0-301F-11D3-BF4B-00C04F79EFBC}") = "FlexLayoutTask.iOS", "FlexLayoutTask\FlexLayoutTask.iOS\FlexLayoutTask.iOS.csproj", "{779B9620-5690-4286-BB6E-3EBA5790D14B}"
EndProject
Project("{9A19103F-16F7-4668-BE54-9A1E7A4F7556}") = "FlexLayoutTask", "FlexLayoutTask\FlexLayoutTask\FlexLayoutTask.csproj", "{CB084B42-D05F-4A70-AD7F-4D0A4F419E4D}"
EndProject
Project("{FAE04EC0-301F-11D3-BF4B-00C04F79EFBC}") = "UnitTest1", "UnitTest1\UnitTest1.csproj", "{26D46A19-3759-4EE5-9C0E-B7D5FDF5777E}"
EndProject
Global
	GlobalSection(SolutionConfigurationPlatforms) = preSolution
		Ad-Hoc|Any CPU = Ad-Hoc|Any CPU
		Ad-Hoc|iPhone = Ad-Hoc|iPhone
		Ad-Hoc|iPhoneSimulator = Ad-Hoc|iPhoneSimulator
		AppStore|Any CPU = AppStore|Any CPU
		AppStore|iPhone = AppStore|iPhone
		AppStore|iPhoneSimulator = AppStore|iPhoneSimulator
		Debug|Any CPU = Debug|Any CPU
		Debug|iPhone = Debug|iPhone
		Debug|iPhoneSimulator = Debug|iPhoneSimulator
		Release|Any CPU = Release|Any CPU
		Release|iPhone = Release|iPhone
		Release|iPhoneSimulator = Release|iPhoneSimulator
	EndGlobalSection
	GlobalSection(ProjectConfigurationPlatforms) = postSolution
		{EC683F0B-852A-4D35-8B72-A2ED9A8AEC96}.Ad-Hoc|Any CPU.ActiveCfg = Release|Any CPU
		{EC683F0B-852A-4D35-8B72-A2ED9A8AEC96}.Ad-Hoc|Any CPU.Build.0 = Release|Any CPU
		{EC683F0B-852A-4D35-8B72-A2ED9A8AEC96}.Ad-Hoc|Any CPU.Deploy.0 = Release|Any CPU
		{EC683F0B-852A-4D35-8B72-A2ED9A8AEC96}.Ad-Hoc|iPhone.ActiveCfg = Release|Any CPU
		{EC683F0B-852A-4D35-8B72-A2ED9A8AEC96}.Ad-Hoc|iPhone.Build.0 = Release|Any CPU
		{EC683F0B-852A-4D35-8B72-A2ED9A8AEC96}.Ad-Hoc|iPhone.Deploy.0 = Release|Any CPU
		{EC683F0B-852A-4D35-8B72-A2ED9A8AEC96}.Ad-Hoc|iPhoneSimulator.ActiveCfg = Release|Any CPU
		{EC683F0B-852A-4D35-8B72-A2ED9A8AEC96}.Ad-Hoc|iPhoneSimulator.Build.0 = Release|Any CPU
		{EC683F0B-852A-4D35-8B72-A2ED9A8AEC96}.Ad-Hoc|iPhoneSimulator.Deploy.0 = Release|Any CPU
		{EC683F0B-852A-4D35-8B72-A2ED9A8AEC96}.AppStore|Any CPU.ActiveCfg = Release|Any CPU
		{EC683F0B-852A-4D35-8B72-A2ED9A8AEC96}.AppStore|Any CPU.Build.0 = Release|Any CPU
		{EC683F0B-852A-4D35-8B72-A2ED9A8AEC96}.AppStore|Any CPU.Deploy.0 = Release|Any CPU
		{EC683F0B-852A-4D35-8B72-A2ED9A8AEC96}.AppStore|iPhone.ActiveCfg = Release|Any CPU
		{EC683F0B-852A-4D35-8B72-A2ED9A8AEC96}.AppStore|iPhone.Build.0 = Release|Any CPU
		{EC683F0B-852A-4D35-8B72-A2ED9A8AEC96}.AppStore|iPhone.Deploy.0 = Release|Any CPU
		{EC683F0B-852A-4D35-8B72-A2ED9A8AEC96}.AppStore|iPhoneSimulator.ActiveCfg = Release|Any CPU
		{EC683F0B-852A-4D35-8B72-A2ED9A8AEC96}.AppStore|iPhoneSimulator.Build.0 = Release|Any CPU
		{EC683F0B-852A-4D35-8B72-A2ED9A8AEC96}.AppStore|iPhoneSimulator.Deploy.0 = Release|Any CPU
		{EC683F0B-852A-4D35-8B72-A2ED9A8AEC96}.Debug|Any CPU.ActiveCfg = Debug|Any CPU
		{EC683F0B-852A-4D35-8B72-A2ED9A8AEC96}.Debug|Any CPU.Build.0 = Debug|Any CPU
		{EC683F0B-852A-4D35-8B72-A2ED9A8AEC96}.Debug|Any CPU.Deploy.0 = Debug|Any CPU
		{EC683F0B-852A-4D35-8B72-A2ED9A8AEC96}.Debug|iPhone.ActiveCfg = Debug|Any CPU
		{EC683F0B-852A-4D35-8B72-A2ED9A8AEC96}.Debug|iPhone.Build.0 = Debug|Any CPU
		{EC683F0B-852A-4D35-8B72-A2ED9A8AEC96}.Debug|iPhone.Deploy.0 = Debug|Any CPU
		{EC683F0B-852A-4D35-8B72-A2ED9A8AEC96}.Debug|iPhoneSimulator.ActiveCfg = Debug|Any CPU
		{EC683F0B-852A-4D35-8B72-A2ED9A8AEC96}.Debug|iPhoneSimulator.Build.0 = Debug|Any CPU
		{EC683F0B-852A-4D35-8B72-A2ED9A8AEC96}.Debug|iPhoneSimulator.Deploy.0 = Debug|Any CPU
		{EC683F0B-852A-4D35-8B72-A2ED9A8AEC96}.Release|Any CPU.ActiveCfg = Release|Any CPU
		{EC683F0B-852A-4D35-8B72-A2ED9A8AEC96}.Release|Any CPU.Build.0 = Release|Any CPU
		{EC683F0B-852A-4D35-8B72-A2ED9A8AEC96}.Release|Any CPU.Deploy.0 = Release|Any CPU
		{EC683F0B-852A-4D35-8B72-A2ED9A8AEC96}.Release|iPhone.ActiveCfg = Release|Any CPU
		{EC683F0B-852A-4D35-8B72-A2ED9A8AEC96}.Release|iPhone.Build.0 = Release|Any CPU
		{EC683F0B-852A-4D35-8B72-A2ED9A8AEC96}.Release|iPhone.Deploy.0 = Release|Any CPU
		{EC683F0B-852A-4D35-8B72-A2ED9A8AEC96}.Release|iPhoneSimulator.ActiveCfg = Release|Any CPU
		{EC683F0B-852A-4D35-8B72-A2ED9A8AEC96}.Release|iPhoneSimulator.Build.0 = Release|Any CPU
		{EC683F0B-852A-4D35-8B72-A2ED9A8AEC96}.Release|iPhoneSimulator.Deploy.0 = Release|Any CPU
		{779B9620-5690-4286-BB6E-3EBA5790D14B}.Ad-Hoc|Any CPU.ActiveCfg = Ad-Hoc|iPhone
		{779B9620-5690-4286-BB6E-3EBA5790D14B}.Ad-Hoc|Any CPU.Build.0 = Ad-Hoc|iPhone
		{779B9620-5690-4286-BB6E-3EBA5790D14B}.Ad-Hoc|Any CPU.Deploy.0 = Ad-Hoc|iPhone
		{779B9620-5690-4286-BB6E-3EBA5790D14B}.Ad-Hoc|iPhone.ActiveCfg = Ad-Hoc|iPhone
		{779B9620-5690-4286-BB6E-3EBA5790D14B}.Ad-Hoc|iPhone.Build.0 = Ad-Hoc|iPhone
		{779B9620-5690-4286-BB6E-3EBA5790D14B}.Ad-Hoc|iPhone.Deploy.0 = Ad-Hoc|iPhone
		{779B9620-5690-4286-BB6E-3EBA5790D14B}.Ad-Hoc|iPhoneSimulator.ActiveCfg = Ad-Hoc|iPhoneSimulator
		{779B9620-5690-4286-BB6E-3EBA5790D14B}.Ad-Hoc|iPhoneSimulator.Build.0 = Ad-Hoc|iPhoneSimulator
		{779B9620-5690-4286-BB6E-3EBA5790D14B}.Ad-Hoc|iPhoneSimulator.Deploy.0 = Ad-Hoc|iPhoneSimulator
		{779B9620-5690-4286-BB6E-3EBA5790D14B}.AppStore|Any CPU.ActiveCfg = AppStore|iPhone
		{779B9620-5690-4286-BB6E-3EBA5790D14B}.AppStore|Any CPU.Build.0 = AppStore|iPhone
		{779B9620-5690-4286-BB6E-3EBA5790D14B}.AppStore|Any CPU.Deploy.0 = AppStore|iPhone
		{779B9620-5690-4286-BB6E-3EBA5790D14B}.AppStore|iPhone.ActiveCfg = AppStore|iPhone
		{779B9620-5690-4286-BB6E-3EBA5790D14B}.AppStore|iPhone.Build.0 = AppStore|iPhone
		{779B9620-5690-4286-BB6E-3EBA5790D14B}.AppStore|iPhone.Deploy.0 = AppStore|iPhone
		{779B9620-5690-4286-BB6E-3EBA5790D14B}.AppStore|iPhoneSimulator.ActiveCfg = AppStore|iPhoneSimulator
		{779B9620-5690-4286-BB6E-3EBA5790D14B}.AppStore|iPhoneSimulator.Build.0 = AppStore|iPhoneSimulator
		{779B9620-5690-4286-BB6E-3EBA5790D14B}.AppStore|iPhoneSimulator.Deploy.0 = AppStore|iPhoneSimulator
		{779B9620-5690-4286-BB6E-3EBA5790D14B}.Debug|Any CPU.ActiveCfg = Debug|iPhoneSimulator
		{779B9620-5690-4286-BB6E-3EBA5790D14B}.Debug|Any CPU.Build.0 = Debug|iPhoneSimulator
		{779B9620-5690-4286-BB6E-3EBA5790D14B}.Debug|Any CPU.Deploy.0 = Debug|iPhoneSimulator
		{779B9620-5690-4286-BB6E-3EBA5790D14B}.Debug|iPhone.ActiveCfg = Debug|iPhone
		{779B9620-5690-4286-BB6E-3EBA5790D14B}.Debug|iPhone.Build.0 = Debug|iPhone
		{779B9620-5690-4286-BB6E-3EBA5790D14B}.Debug|iPhone.Deploy.0 = Debug|iPhone
		{779B9620-5690-4286-BB6E-3EBA5790D14B}.Debug|iPhoneSimulator.ActiveCfg = Debug|iPhoneSimulator
		{779B9620-5690-4286-BB6E-3EBA5790D14B}.Debug|iPhoneSimulator.Build.0 = Debug|iPhoneSimulator
		{779B9620-5690-4286-BB6E-3EBA5790D14B}.Debug|iPhoneSimulator.Deploy.0 = Debug|iPhoneSimulator
		{779B9620-5690-4286-BB6E-3EBA5790D14B}.Release|Any CPU.ActiveCfg = Release|iPhone
		{779B9620-5690-4286-BB6E-3EBA5790D14B}.Release|Any CPU.Build.0 = Release|iPhone
		{779B9620-5690-4286-BB6E-3EBA5790D14B}.Release|Any CPU.Deploy.0 = Release|iPhone
		{779B9620-5690-4286-BB6E-3EBA5790D14B}.Release|iPhone.ActiveCfg = Release|iPhone
		{779B9620-5690-4286-BB6E-3EBA5790D14B}.Release|iPhone.Build.0 = Release|iPhone
		{779B9620-5690-4286-BB6E-3EBA5790D14B}.Release|iPhone.Deploy.0 = Release|iPhone
		{779B9620-5690-4286-BB6E-3EBA5790D14B}.Release|iPhoneSimulator.ActiveCfg = Release|iPhoneSimulator
		{779B9620-5690-4286-BB6E-3EBA5790D14B}.Release|iPhoneSimulator.Build.0 = Release|iPhoneSimulator
		{779B9620-5690-4286-BB6E-3EBA5790D14B}.Release|iPhoneSimulator.Deploy.0 = Release|iPhoneSimulator
		{CB084B42-D05F-4A70-AD7F-4D0A4F419E4D}.Ad-Hoc|Any CPU.ActiveCfg = Debug|Any CPU
		{CB084B42-D05F-4A70-AD7F-4D0A4F419E4D}.Ad-Hoc|Any CPU.Build.0 = Debug|Any CPU
		{CB084B42-D05F-4A70-AD7F-4D0A4F419E4D}.Ad-Hoc|Any CPU.Deploy.0 = Debug|Any CPU
		{CB084B42-D05F-4A70-AD7F-4D0A4F419E4D}.Ad-Hoc|iPhone.ActiveCfg = Debug|Any CPU
		{CB084B42-D05F-4A70-AD7F-4D0A4F419E4D}.Ad-Hoc|iPhone.Build.0 = Debug|Any CPU
		{CB084B42-D05F-4A70-AD7F-4D0A4F419E4D}.Ad-Hoc|iPhone.Deploy.0 = Debug|Any CPU
		{CB084B42-D05F-4A70-AD7F-4D0A4F419E4D}.Ad-Hoc|iPhoneSimulator.ActiveCfg = Debug|Any CPU
		{CB084B42-D05F-4A70-AD7F-4D0A4F419E4D}.Ad-Hoc|iPhoneSimulator.Build.0 = Debug|Any CPU
		{CB084B42-D05F-4A70-AD7F-4D0A4F419E4D}.Ad-Hoc|iPhoneSimulator.Deploy.0 = Debug|Any CPU
		{CB084B42-D05F-4A70-AD7F-4D0A4F419E4D}.AppStore|Any CPU.ActiveCfg = Debug|Any CPU
		{CB084B42-D05F-4A70-AD7F-4D0A4F419E4D}.AppStore|Any CPU.Build.0 = Debug|Any CPU
		{CB084B42-D05F-4A70-AD7F-4D0A4F419E4D}.AppStore|Any CPU.Deploy.0 = Debug|Any CPU
		{CB084B42-D05F-4A70-AD7F-4D0A4F419E4D}.AppStore|iPhone.ActiveCfg = Debug|Any CPU
		{CB084B42-D05F-4A70-AD7F-4D0A4F419E4D}.AppStore|iPhone.Build.0 = Debug|Any CPU
		{CB084B42-D05F-4A70-AD7F-4D0A4F419E4D}.AppStore|iPhone.Deploy.0 = Debug|Any CPU
		{CB084B42-D05F-4A70-AD7F-4D0A4F419E4D}.AppStore|iPhoneSimulator.ActiveCfg = Debug|Any CPU
		{CB084B42-D05F-4A70-AD7F-4D0A4F419E4D}.AppStore|iPhoneSimulator.Build.0 = Debug|Any CPU
		{CB084B42-D05F-4A70-AD7F-4D0A4F419E4D}.AppStore|iPhoneSimulator.Deploy.0 = Debug|Any CPU
		{CB084B42-D05F-4A70-AD7F-4D0A4F419E4D}.Debug|Any CPU.ActiveCfg = Debug|Any CPU
		{CB084B42-D05F-4A70-AD7F-4D0A4F419E4D}.Debug|Any CPU.Build.0 = Debug|Any CPU
		{CB084B42-D05F-4A70-AD7F-4D0A4F419E4D}.Debug|Any CPU.Deploy.0 = Debug|Any CPU
		{CB084B42-D05F-4A70-AD7F-4D0A4F419E4D}.Debug|iPhone.ActiveCfg = Debug|Any CPU
		{CB084B42-D05F-4A70-AD7F-4D0A4F419E4D}.Debug|iPhone.Build.0 = Debug|Any CPU
		{CB084B42-D05F-4A70-AD7F-4D0A4F419E4D}.Debug|iPhone.Deploy.0 = Debug|Any CPU
		{CB084B42-D05F-4A70-AD7F-4D0A4F419E4D}.Debug|iPhoneSimulator.ActiveCfg = Debug|Any CPU
		{CB084B42-D05F-4A70-AD7F-4D0A4F419E4D}.Debug|iPhoneSimulator.Build.0 = Debug|Any CPU
		{CB084B42-D05F-4A70-AD7F-4D0A4F419E4D}.Debug|iPhoneSimulator.Deploy.0 = Debug|Any CPU
		{CB084B42-D05F-4A70-AD7F-4D0A4F419E4D}.Release|Any CPU.ActiveCfg = Release|Any CPU
		{CB084B42-D05F-4A70-AD7F-4D0A4F419E4D}.Release|Any CPU.Build.0 = Release|Any CPU
		{CB084B42-D05F-4A70-AD7F-4D0A4F419E4D}.Release|Any CPU.Deploy.0 = Release|Any CPU
		{CB084B42-D05F-4A70-AD7F-4D0A4F419E4D}.Release|iPhone.ActiveCfg = Release|Any CPU
		{CB084B42-D05F-4A70-AD7F-4D0A4F419E4D}.Release|iPhone.Build.0 = Release|Any CPU
		{CB084B42-D05F-4A70-AD7F-4D0A4F419E4D}.Release|iPhone.Deploy.0 = Release|Any CPU
		{CB084B42-D05F-4A70-AD7F-4D0A4F419E4D}.Release|iPhoneSimulator.ActiveCfg = Release|Any CPU
		{CB084B42-D05F-4A70-AD7F-4D0A4F419E4D}.Release|iPhoneSimulator.Build.0 = Release|Any CPU
		{CB084B42-D05F-4A70-AD7F-4D0A4F419E4D}.Release|iPhoneSimulator.Deploy.0 = Release|Any CPU
		{26D46A19-3759-4EE5-9C0E-B7D5FDF5777E}.Ad-Hoc|Any CPU.ActiveCfg = Release|Any CPU
		{26D46A19-3759-4EE5-9C0E-B7D5FDF5777E}.Ad-Hoc|Any CPU.Build.0 = Release|Any CPU
		{26D46A19-3759-4EE5-9C0E-B7D5FDF5777E}.Ad-Hoc|iPhone.ActiveCfg = Release|Any CPU
		{26D46A19-3759-4EE5-9C0E-B7D5FDF5777E}.Ad-Hoc|iPhone.Build.0 = Release|Any CPU
		{26D46A19-3759-4EE5-9C0E-B7D5FDF5777E}.Ad-Hoc|iPhoneSimulator.ActiveCfg = Release|Any CPU
		{26D46A19-3759-4EE5-9C0E-B7D5FDF5777E}.Ad-Hoc|iPhoneSimulator.Build.0 = Release|Any CPU
		{26D46A19-3759-4EE5-9C0E-B7D5FDF5777E}.AppStore|Any CPU.ActiveCfg = Release|Any CPU
		{26D46A19-3759-4EE5-9C0E-B7D5FDF5777E}.AppStore|Any CPU.Build.0 = Release|Any CPU
		{26D46A19-3759-4EE5-9C0E-B7D5FDF5777E}.AppStore|iPhone.ActiveCfg = Release|Any CPU
		{26D46A19-3759-4EE5-9C0E-B7D5FDF5777E}.AppStore|iPhone.Build.0 = Release|Any CPU
		{26D46A19-3759-4EE5-9C0E-B7D5FDF5777E}.AppStore|iPhoneSimulator.ActiveCfg = Release|Any CPU
		{26D46A19-3759-4EE5-9C0E-B7D5FDF5777E}.AppStore|iPhoneSimulator.Build.0 = Release|Any CPU
		{26D46A19-3759-4EE5-9C0E-B7D5FDF5777E}.Debug|Any CPU.ActiveCfg = Debug|Any CPU
		{26D46A19-3759-4EE5-9C0E-B7D5FDF5777E}.Debug|Any CPU.Build.0 = Debug|Any CPU
		{26D46A19-3759-4EE5-9C0E-B7D5FDF5777E}.Debug|iPhone.ActiveCfg = Debug|Any CPU
		{26D46A19-3759-4EE5-9C0E-B7D5FDF5777E}.Debug|iPhone.Build.0 = Debug|Any CPU
		{26D46A19-3759-4EE5-9C0E-B7D5FDF5777E}.Debug|iPhoneSimulator.ActiveCfg = Debug|Any CPU
		{26D46A19-3759-4EE5-9C0E-B7D5FDF5777E}.Debug|iPhoneSimulator.Build.0 = Debug|Any CPU
		{26D46A19-3759-4EE5-9C0E-B7D5FDF5777E}.Release|Any CPU.ActiveCfg = Release|Any CPU
		{26D46A19-3759-4EE5-9C0E-B7D5FDF5777E}.Release|Any CPU.Build.0 = Release|Any CPU
		{26D46A19-3759-4EE5-9C0E-B7D5FDF5777E}.Release|iPhone.ActiveCfg = Release|Any CPU
		{26D46A19-3759-4EE5-9C0E-B7D5FDF5777E}.Release|iPhone.Build.0 = Release|Any CPU
		{26D46A19-3759-4EE5-9C0E-B7D5FDF5777E}.Release|iPhoneSimulator.ActiveCfg = Release|Any CPU
		{26D46A19-3759-4EE5-9C0E-B7D5FDF5777E}.Release|iPhoneSimulator.Build.0 = Release|Any CPU
	EndGlobalSection
	GlobalSection(SolutionProperties) = preSolution
		HideSolutionNode = FALSE
	EndGlobalSection
	GlobalSection(ExtensibilityGlobals) = postSolution
		SolutionGuid = {BDFB4D0C-F08F-40E9-BA26-3FD3CAEA2C5D}
	EndGlobalSection
EndGlobal
